# This file was autogenerated by uv via the following command:
#    uv pip compile requirements-build.txt --python-version 3.12 --python-platform windows --generate-hashes --output-file requirements.lock
altgraph==0.17.5 \
    --hash=sha256:c87b395dd12fabde9c99573a9749d67da8d29ef9de0125c7f536699b4a9bc9e7 \
    --hash=sha256:f3a22400bce1b0c701683820ac4f3b159cd301acab067c51c653e06961600597
    # via pyinstaller
certifi==2026.7.22 \
    --hash=sha256:62f22742b58a1a33014a2b6b706588a8d7e2a88ae7bd1a6ebe8c992928483775 \
    --hash=sha256:741e2c3b351ddf169a738da9f2c048608ff7f2c5cc02f1ebc6b118bb090d5d55
    # via requests
cffi==2.1.1 \
    --hash=sha256:046bfc24911b37851ee1b51aab8bffe713d89c68c6a057b09484ce9fd5f69b4e \
    --hash=sha256:06c72bb76605a4b0cd0aad6930b69d4baf7dd5d806cfc409b824191099700e66 \
    --hash=sha256:0beceaabe56af686895136a2de78db54ecd8e4046b236b8fd6d6cb61389e9bf2 \
    --hash=sha256:154852545011f779917b11c78db2358d095da62a9a172b78ad0a583ee5adc0d0 \
    --hash=sha256:194cffa889098ced9976c3fc6340305e43f6303657d298da55366907c05c22d6 \
    --hash=sha256:19ee6127ee34de7d83ce3d371ebc5ed91addbdcc39f9ab15ce4eb35a4e534971 \
    --hash=sha256:1a18a57b58cfb21fc28d72e876acf10eaed67a1ed96226f92af4df681d571c4c \
    --hash=sha256:1aa5645c30469b09530c4ebca77ebf8f17618293c58f8549cb1a543a50236e7d \
    --hash=sha256:1dea0e4d7d4f11f619fe8c1d76caf49e24405b4b5743c0e3be16a500ecd930c9 \
    --hash=sha256:208f941bb9d18e768138677f0a6d2ce01f590df56043dda1df1535ac57c88517 \
    --hash=sha256:210019b6c7cf07f081b4c54635c8cf744377001350e29cc0f81c4377b4797735 \
    --hash=sha256:246fa40ce8645a614ff682e0b70f37134e460eaf93a775e0cbe3cca585a67a80 \
    --hash=sha256:25792eac27877609e7bb06d42ff88278a6624fff2ba9bbb523c09616b117e80f \
    --hash=sha256:27350daa11d4f10c540e6e89dada4c54feb7256ad03e9a4dc075ebad7ba360d1 \
    --hash=sha256:28907ab9bfb6aa13184cfc17c6b8e1023c5ab6fd7076d8c20a35e59fe04f8f29 \
    --hash=sha256:2ae64be792b8966f2c69538199728b290e34726562896df1e5dc8ffd8d8188e8 \
    --hash=sha256:31348097ff5bbe827ccc41795d4dd099d9f0625e7def00ee653c137a490c2a6c \
    --hash=sha256:3143d81e29e1e20a9ce10901ec369012947876596f75a222235965f2b7ae832e \
    --hash=sha256:3222ba5d678f80a030e6afbcc33dc1ae5cb45facabb61cee2c7016b8432fde48 \
    --hash=sha256:3311ed60d36f83378794e1009ac6258bafbf81f7888b4caa7b35a521e3f95813 \
    --hash=sha256:334644fbac4eff73d985a17a91226df55d0f394160c4cfb880e084c8f7161cac \
    --hash=sha256:34e261f78cb6ceaaa36f42f2613f4380d94d9c759a9c73c769ee6e0247364632 \
    --hash=sha256:363e05fa78e15116c3c32c210ee36884fd6b9afa6d440e47112c3bd511d64cb6 \
    --hash=sha256:398aff33cee2767e3e781d2554c54bd0dff386bb437581e0d8011fde1a942ec1 \
    --hash=sha256:3d22a20b1fb1632cc72c22f95f7b0d2961c3e1c235f245ba4c606c4771035659 \
    --hash=sha256:42a494cee34437f05546455144f2b5d9ac09b1face62bcfce597d2e521066688 \
    --hash=sha256:42e2f76b9455f5a9a844f770bf3e200ed3da0e15f5df3db9c31fe80b04b3d004 \
    --hash=sha256:42f6930c31dc7f50732c9ae793c2786c7b6b044195967bbdde40bb9be81c4cc0 \
    --hash=sha256:456a61fa52d579ebf9df2e9552ead5129855dbaff6c1e5a9b1bc408809bdc062 \
    --hash=sha256:471cee653ae88de62096552e6d24ccb4a5adb8c8c9f10b5054d0122c15bf2779 \
    --hash=sha256:49cbc70e6542d4ccccb936558d1064a8012541e78f821f955cff24e357776c94 \
    --hash=sha256:4a7c934f7360e8cd64fe9efadcbd10c7c6364f531e432b9a4bf5ccbc9e0e8b50 \
    --hash=sha256:4be96343e422f2dfcd12ab5c9f5aebe03f82f737c6bffeca6830b3875cb44aab \
    --hash=sha256:4f42141fc14250de6dde5ee7ea4432be017252d91f19c5ad043c084cea629cac \
    --hash=sha256:507a24c282e0f42f8ed737cf048572cbf580468da5555764a8331735e9c736b6 \
    --hash=sha256:51b31d1c98274844cfd7838ce00bfc27c7423a4dc00fc0772fc3331c2cc90676 \
    --hash=sha256:58acb8ab8e295e6c5ea12f888cbb13cf21511ef2a3303a23f4325c29d17fe5c1 \
    --hash=sha256:5a59cc1c4442bc3d5c703bf720b51138d0bfc173618807c9ee2490a7541dd3d9 \
    --hash=sha256:5bb4e7ea95dcd6a014a6fef62e62467d67d8e582326443f3d68e71d6320a9fcf \
    --hash=sha256:5c58fe613dc5e5336357eff555824a314d8e43282600435c8d1cb6a7a2fedd13 \
    --hash=sha256:5e7cecbaadb83884793e05828cee59b210b24583b9c7425d0ba6a754fe22eb4e \
    --hash=sha256:616f097f2fe415bc92a247f02e11f634e1f9e9a83d327e3c915c15089c87869e \
    --hash=sha256:63bbfd5ded17c4840ac07cd8f1c21ba9d9708141f840b324f422f41b207e3973 \
    --hash=sha256:64faea20f4e2613363a1a9b9c7dd73058f3ecd00133a511e72ad7c511658f527 \
    --hash=sha256:661c298b4821edebead0c91edd2b00374d67ad7c5a1f7a91d4442633b79d6a72 \
    --hash=sha256:68e62fe11f30d5ca8289242866f0a5291402d8529ca2178ab8afc5c9694ae890 \
    --hash=sha256:6a8dddef476fab96d066d578fc88526767b836ab5ab21754e1d5bf3879c31c7c \
    --hash=sha256:6e192623c49c94421616a5778fba35cf0d5a8d000650c1967ef4448ee5cdd990 \
    --hash=sha256:7225e4514edb64eb6740324353e0da0711954fd8d7da4576755b1c6e09b697cd \
    --hash=sha256:75f80557d1389eddbd0de2681f6a390a0c5338c31ddaa821381c203fc3fd50d9 \
    --hash=sha256:770de9db11e84213beec501cfcaa013b019820ca881e03344dea5844f7876d94 \
    --hash=sha256:7750c6449dff7864bb9bb27ddfb0267756189201a3afc911d82b3caacd70dfc3 \
    --hash=sha256:7bde5e4cc5c10140859842b9d383af292b22639a4dffb725314baf45968cef80 \
    --hash=sha256:7ce713ace7c0e4520535b42b77eaa742c16dab813978064913e5a3cf82973b41 \
    --hash=sha256:7da0c5eff80f0197f3b3d1232ec5a682a9325f4ae9016a78f5f5ca35f9ced1f5 \
    --hash=sha256:7dbb61fe3a7699468030f71bbe5f8a0e326a151daa91beb11a6fc1f980c55e1c \
    --hash=sha256:811bd1e21d32de12efca32393a0ab3f5133b54fce9bd44b8bd77ab07da14bf6a \
    --hash=sha256:8ef53b2de9bcb9197d31854256575d59dbac0cba72ac627bb291ef5eceb74be4 \
    --hash=sha256:937c0052c05a31ca1daf18de3158eed4dbfcb9cc107adbea227728d647be701e \
    --hash=sha256:9d2055050ea716bd38b7f7f1579c275386646b4894c155a3e2f3cd62ed41b7c6 \
    --hash=sha256:9f8d177621de5cb38ee3e731eda45d421db093ec0739f46a5594babda7987a98 \
    --hash=sha256:a2d7755bef5a12ed488f4ef1f1b69ee9191d7396083b755a5d2295f6edb4768b \
    --hash=sha256:a48d62ab9d6f4f98c983223a547af44be6ca3691074c31cecced6facd3ba2dc1 \
    --hash=sha256:a4f00aa42f75d6e4595e8866e748cc1705adc0cddfeb2ca86d0d03993d63ba03 \
    --hash=sha256:a6e721d4b0e45d5b65e87534470e67b18dcd092c83f68fba09f152b9cbc061af \
    --hash=sha256:a730a083190634c65cca36ba5f489531576ebd79bcd5c8e172130f6453127231 \
    --hash=sha256:a931079504ecc49efed7744c476a5c343a92fabf66dec2db95edb1b2fdc770e2 \
    --hash=sha256:aa9511c62d14da7aacc9b4bf51f3f697a621e83b2d6919008243c3aad168eea3 \
    --hash=sha256:ab36d55f9ed2d067327667c2fea18dda018eb628dd6347aa01dda6cf1f5d3836 \
    --hash=sha256:ad2c86c495b899d862ea0f4b42891b8713a3bd45dd4105c7fd51c2a72f39f3a5 \
    --hash=sha256:aeae0e330c9f6acd681f647d46cefd30c29f93e3392882e792e82080c9691399 \
    --hash=sha256:b0431303acaea1089ad4b3e9ce4e6518193def1118d4073ca848635ee4ea2e96 \
    --hash=sha256:b5bdfd1c873d4e093aabc0ca84c4ca6dbc4f752afb5c86f146d9742580c9da2e \
    --hash=sha256:baed1e86cc735622097354b9d1281406caf42ff42a886d29faa8e8d1630333be \
    --hash=sha256:c1453022f490d2459a11819d83ad1d586e9ff65a12ac3e705ffebd46d3685dcf \
    --hash=sha256:c26608d2222fb1e94487e4a387d85f13eb55d5ed725cb25a0c589ac4ee60e7bc \
    --hash=sha256:c7659f22557c5a0bc4855cd635f55edec690cc008a40768527762cb9fb263455 \
    --hash=sha256:c8c69575568085ba0b1b10c0249d779a214aea6f6522e949a0fc9fb0fcb449d0 \
    --hash=sha256:c8d2c9fd1f2d16f780d15127abb050d13d1a76c03a4bd87d7e4980e45e511e12 \
    --hash=sha256:ca82be1a1d406ecfe1d25dc16cb33488e5a16bf4438c9fb590484ea29d92478b \
    --hash=sha256:cc572dace3f60ef98d7b12ff411d20f5362feb31a0439eab0085bbfd349982d7 \
    --hash=sha256:d18e5ac0f2f03f4f518d3e23db0f0cad7faa1da8620e9c09461d443bbf6e6692 \
    --hash=sha256:d28630f5854ab07ab1fd4aba756de52326c82e6be15d414b12793f1975048b54 \
    --hash=sha256:d9c275eaacd24aa73f94ffd6de08fc3f932424d8b6c376f4bed7cde376fe7bc3 \
    --hash=sha256:da0e573f9f97159390c89d9f1a9e41908b66d408cc5b58d08cf3847d844c531b \
    --hash=sha256:dd31f52ea1086513bb9df30f8fcee9b8918323ae067a3d5b78bc826a000712be \
    --hash=sha256:dddad92b554513a31f272570678ba307fb9f618f05e3d4a5eacafff9eae03e1d \
    --hash=sha256:df423d40ee8654634421812bc3b196da3f9bd7d32929da813f8394c4348a5358 \
    --hash=sha256:df913725b79db7bcf03448f36b7bf8815363417d5b58deecf9305e3e30f0f21a \
    --hash=sha256:e0bcb7e0f677f543555d2adff3bf19c05f66cdb4796e5ff602442ab2fe3c4ef7 \
    --hash=sha256:e2d65b31f36619cda3999b78b2aa9632e76b78448e7a56fc4240824200e7c4fc \
    --hash=sha256:e6e8cff14d6fb0be70a09c0bdc58096f501952d04624ebf867e0e56da2df8960 \
    --hash=sha256:f16c709686a78c727bbbf059f92b0bf41c6fc60deec706d2dc19f529175a6125 \
    --hash=sha256:f24fb43132a4c6b4cb4eb029492919b2db645be6808d738f244fd146c03c32cb \
    --hash=sha256:f53e442b08449d42821fa4a4fba000095af9f62742a500f978a9f557ec44339a \
    --hash=sha256:f5cfbc5fe74540d335175b656c725d74d90e3730c626d92575eea35029d9afaa \
    --hash=sha256:f81b3b8f3d4e343550fa4baa0e479bba9f2d29ce9c2e9b51d1ce1718d7442fcf \
    --hash=sha256:f8ec5e643a9a937f64e1999eb9f75d072263751912dc5cd06d3c85f8f44be7c3 \
    --hash=sha256:fb92203a88b3d3053034db775110081c49d28be6551923805e039924093761e4 \
    --hash=sha256:fcd22650c908d7b7da162bbfaab594a1227a15d1643a98c68b122ac642fa2264
    # via sounddevice
charset-normalizer==3.5.0 \
    --hash=sha256:054420b5db984971d886e5e4e2c37c760ae6682aedbd066687ff0949d9ed5f08 \
    --hash=sha256:06f4fb62a9139bef056b8b2da6773c94c2f259f90e4b8e53b166f3d0372d7cf6 \
    --hash=sha256:076cf9d3f3c7e410295c09d96355cf3b1bcae74990034d80e4371e20fe1ba4c6 \
    --hash=sha256:07f6f42b5a6325df35b458004fb5f9f29bf502d89287a33c7cdef3590e31de0f \
    --hash=sha256:0b2e44e6d42d1a4ff78ccc219a93c5449105d10b16198d1aea581080df8073f9 \
    --hash=sha256:0b373bab0b867b68b8eb249da9478cab9181a42993437cd2f5dba5fb0b4fbd1b \
    --hash=sha256:0c8953d9d1617794cfc40d81179571c9ba3805dd029623a15c93f1fb70e60a74 \
    --hash=sha256:0cce46dd29d73e135e8087b96eb62a4aca6d69391b7f97808c6588ebed3178f3 \
    --hash=sha256:0dfe83c1b4d00abbf433998117a14f56a5c2bc68226c0d331709eed0d1ce539b \
    --hash=sha256:0f211c21aa316cb6e2662e54a1194633a79d98a50a876addacfce7ba5b34b09f \
    --hash=sha256:0f76dc0a47f94cb9b69d86f01e477f4b0371ca70208b9ccea7e063c41eed9046 \
    --hash=sha256:125ee619611019471b177c70bc3e9d4cda9fad7e01d93523501d3b188df0193a \
    --hash=sha256:1328cc57dd4372be1265f68232cee890e087416e3e6e93e6ffb32c2bad4d36a4 \
    --hash=sha256:143792a43e06dc3b27fc891948406e251502dc19ff9216cd80182b79131be5c5 \
    --hash=sha256:14f6904a3cf870abf044df3a8c4924ac6c8ef77e9896586fd37e73ae96cff2af \
    --hash=sha256:168a0cb536b5123a77bc42ecf5e0bf6f923d0d9ae43c42a14eb0677c19ac6c19 \
    --hash=sha256:17a0fd0e23961c2c017372e37aabc7ca8fceb9e10ad898977dfb40ad3927baae \
    --hash=sha256:17db18db9a1374d5b9d9a3252f980b4243b0b4efd1df03fac78bb587f6ce98cd \
    --hash=sha256:196e270c4e80827b5072eed7d6aa661d133afada94fe366669f9609e718d305e \
    --hash=sha256:19e52bda45086df8a4be4bb5910af6f5d9d3b538c78712c8ae09ef10b85bf458 \
    --hash=sha256:1a573e1e428f93908e79e04b349717f400e720f2f82285f0aaaf3ee0ff7f4c79 \
    --hash=sha256:1c010dd86d3f4c4433c9634d33ce8147393b270dfa54f217f965540b8ae8e075 \
    --hash=sha256:1cdfed4d7a59333c8220c67dd3be4e7a6c887b67453a64394022dcc919570add \
    --hash=sha256:1d366548d2ee28a8cfdcc4296363978cc644a728333be9824d2de4652e83df0a \
    --hash=sha256:1f56ce84b317ef2a59d7d3461891c7597c79247d2192bb8114c68a1a1debfcc0 \
    --hash=sha256:1f99a8c3a1da5d955edbad18208b3d627bdd54c48a6e739fa877bdca98c686d6 \
    --hash=sha256:2080aa129a28267984cdc902898993d788c995c384e285d0d19199f56760d52e \
    --hash=sha256:22a1889f1c9b752c63c36758a0c2145458e3cadb20fced7a0790002e9dd12b26 \
    --hash=sha256:2401f7671242e921e604f609d429f6b282ea4ca787a6ffd22ed7372011ddb9d1 \
    --hash=sha256:2403b489c103e9a18c835863fc6dd54361355c8291d4cafdb37492b683440b9b \
    --hash=sha256:2df26d4134948616be0ece05d0b24d621d3990f37147b5883c52052b613ef1f5 \
    --hash=sha256:301bfc4877c4f4f62b344235ecc58d06c901683801636eef819f88769c315ba2 \
    --hash=sha256:30ae26a1adcd943690dcbbc47f28be762bae9e08ad7442b78c86b1c0dd5a626c \
    --hash=sha256:3288a560dc3114d5d2ebe309b1ef43f8af355eafe25856832415c2a8196c9db3 \
    --hash=sha256:32e6d56dd825205f81e5c45bcebb4df6a11fb2bbf4969a01ef156d6ced90c224 \
    --hash=sha256:3418edd0ecb72a0a3861cf72f31be0ad9b7fe338ce2b58fb5cc80b9aeb792700 \
    --hash=sha256:3587d94b5c9f05c2dc4c3f3d47aba6375ff141a21adae3051d8d4d53e8a937c0 \
    --hash=sha256:3684ebbdffd51329ac44245d1d227d90b965797aa1a8abd026568a1f6ae88811 \
    --hash=sha256:368eb2fc9482158b3a3386e8f01fa61f479c968e9a19ceab8f0188b86b312991 \
    --hash=sha256:38a395079f229a631dece74e24c69c1f612536dd51f345a7d6a98abe2d3e047a \
    --hash=sha256:3b08ebf9488c7ff5eff038e48e6ea938178dfd9dcc8598b5ca941e4ae27b20be \
    --hash=sha256:3bfbe543d957213fc9a3db4979a8e171b7aa7504c1d737029defdb03a6095a38 \
    --hash=sha256:3cfdab178a4add5483e26a9bb1c16d8018ccf39b4be7a3aea6c3979e6828f2ee \
    --hash=sha256:3d00e18e7bbf47e332ab63903d18bae31efc701b1d8cca0382b97784a621fc44 \
    --hash=sha256:401ea6e7af9e7852ed818f64714b579c1935482049670847ca3bd7ba45dc63fb \
    --hash=sha256:420b19411959eec115063229536788e6b32d0a7fa907d6b940317919120d702d \
    --hash=sha256:4253da1b4456b633651a8d59eb1dc7a8a8fa38241014dd7c217b353e547ae394 \
    --hash=sha256:4346a693c08b1d0cfc0e3325bfb0ecd4322fb1a6904d68cf416f8da5e981b234 \
    --hash=sha256:478650a70a750d75d5add401606c77f77069c32e4ba2c9131dc6cee566962ca0 \
    --hash=sha256:48920bf6fe83eb2226756ac623fa54940487154eb18f80889d5735cf234965c0 \
    --hash=sha256:49bd5feb59b0bf3cbf6ebcf4352e371c95b9da9bacd4449f8b64d0ad2c10a26e \
    --hash=sha256:4c440122e1ea68b1f8b44a631ebf49c39180f6869b1da22d76e8a724208ec6e9 \
    --hash=sha256:4ebebb410bc517e1d284c52a123e82704b21e4e7e26a21ebecf7439d0647b8a3 \
    --hash=sha256:527e28a5e751d9e11369b9c5f9ab35c748eb9c109101920c7deb40d6eadf8d03 \
    --hash=sha256:54c963ce6404e52255b737e8a06d356fc762d59096ae566203a67cf2b7d050f2 \
    --hash=sha256:562d24ca7797c1af8852994950c2e623a907b201fc4b0ed29e92af173d3828ca \
    --hash=sha256:5780a29823e1d2bec69b7a104ead4195a43f3e97782efaedbf1f79a0157af715 \
    --hash=sha256:58ca5dc0a0ef99f2801ec0574214c978e9574055bc783830bbb6e7433218609f \
    --hash=sha256:5a4ee37248dfac25107c758bda99d545ce73e60b44d2dd39e4a2bb9f2831e9f5 \
    --hash=sha256:5a54587f93f2e289f8faf25b35c997d4cc75cf677485ac6f50c985715989f99c \
    --hash=sha256:5b81980668800dd1c69faad8aea6e85a8cee0e13bcd3bba7671695ff16260293 \
    --hash=sha256:5c23fa4f6eccdd601949cb00f3988c01d64e671d8faba356397971077022e144 \
    --hash=sha256:5e68229977b2dea28e7061c0c0630a23f2f9f6e9c6fb38d77d3d6dbfe3768b74 \
    --hash=sha256:5f51a19dc52197a20218b05ec5336d0c6b3b09935f838724722032c8d45dc91a \
    --hash=sha256:606a86c1c3196f3738de39a67a7490bbd61cb31c0e0436070bd0c6a48170b38e \
    --hash=sha256:6083d10a846218502d664375b9448508d9fa580bd834567423156c6abfbe899d \
    --hash=sha256:608553f476fca509537e804c4a71f5eb166ce63b75141f89c2c686ce1aa36956 \
    --hash=sha256:63ea0cc840c66670183578c2630d138c0e944aeadfc33f25173ee240f5db780d \
    --hash=sha256:6753de11eef42f1c321b26d682957d92c7f7bbce6530f34bbe0f9291dd37cc6f \
    --hash=sha256:68b7e84ae8239a94f8d2c8f3f3a3a81bcde54805ec8f42a34de927d155688ec6 \
    --hash=sha256:69d647cf158eb6bc9c99503292abed1f2079a2de5859f06a403f8aee6417475d \
    --hash=sha256:6abb1f356fb865baeb6ebc3fadd843e9a96fbf49b9adcca55037f3cceccb7438 \
    --hash=sha256:6c06875a1d4a7537bef70f659b55c6b55b9a47ec3ba8f2db610350c2d9915e6e \
    --hash=sha256:6c57af4084c10cb3286688d65e4c654190ff5edcbc2411d08cdca0a8a44c59a1 \
    --hash=sha256:6c95450fce59f00c6d08eff6572ec2e736e5054c9450253afd5748f8416f2eb9 \
    --hash=sha256:6da562a20a49673fe365b05750e98d03bb2c5f8b8d03562b014c1abb3df739f1 \
    --hash=sha256:6e44bc2780516b3df986d6fe33103c7080cd9dcd5576fe3cb4b0f64309c8f22b \
    --hash=sha256:70ff1c16eb0eb5ee6bb12739292347f981a5ba764cc4df1bc2e69b0405d4ac3b \
    --hash=sha256:72982d9958a42f8132bf2d6b90214ed66477295ef1188731f98ae3511c6eeb5a \
    --hash=sha256:74892fe9f33d204860e782e0a2030bb39f9f0af1e7a24f7d5a5b632df311f655 \
    --hash=sha256:75e243abbb528c1a774390ed71e3f868a9f37b1373442e4bbadd401cfc505ff4 \
    --hash=sha256:7cdded069549b5eae3d5d9bb6c2e5bb4fe83f9b81863e2a193cd747bf197aebb \
    --hash=sha256:7faa47b56070b3dd6f4898ed28528843ab130d53266cb9948d9b1f3bb1a5c5e8 \
    --hash=sha256:7ffc43fe52618fcd7abc6ee0b46aea527db10da73305fcc6aaf9710ac7a33ec7 \
    --hash=sha256:815f143a91983ba3041bba066e492ae3c42de523fb1c699685a1abf3313b7d1b \
    --hash=sha256:826a295a039178479a325be1ae60eded1f0b10f7dda749df59e2440de8f61d64 \
    --hash=sha256:82cc5835997ec78afe293a192e385099355770a7db94b2fb1239d36b32796f1c \
    --hash=sha256:830c04a49998b5ed58c8b642c65b7b26419397f52392a64121ba9fd0e95e7f9f \
    --hash=sha256:83b62410bd36bb1178a7d563e2ee0cf21eb1c980c912ab99c2c78f06227f1731 \
    --hash=sha256:84b736e3b391601bc47b86da381c749c0f894e9191aaca9f31f30c2632206df3 \
    --hash=sha256:85f9e0e2724bbddf05de65e5fb03b73eb23e985b7df4259c1d19feb302eb8dc2 \
    --hash=sha256:8b3e9e29b8b07cc461b9ce7768db7693a93979d0dadf22046f6f3555ded2f516 \
    --hash=sha256:8b8788f114845c01f2b520e0b91ea58d143276cfc0483aa943e815f7b9555c15 \
    --hash=sha256:8cb9b6892b53bd6d11fa4cde3dbee020b1f0b6656be1fbaa1ec0d4324a7839db \
    --hash=sha256:8efc3f1563ed431882dd0dc0411b5f8ace1b1b89074981deaf6bd8af77dbe1bc \
    --hash=sha256:8f006866047c6ec4b627ec144b1e0bbc7427cb31fd7c08d19897d0ac9032af3d \
    --hash=sha256:91f9f7c151e772acebe489eaec96e96a2877202d7dd144e3f96b8676881715a0 \
    --hash=sha256:9491f594859b68052edebd69e05fb045055a713b57a67974e6c1553b4e503c39 \
    --hash=sha256:96720f2aeed3434bc48f4d52fbad64ecc820cfed88915d664780ed9ba09ede78 \
    --hash=sha256:96ae7ab5d8155fde927aa0864fbc8ba3cc4fde6d41ab0c7cea9d6012b4978603 \
    --hash=sha256:98820e1ceb25c6df7a80c4fd8efa59cb121f99bc7c4c1693ad94a2caff5b311d \
    --hash=sha256:993dfcbe75a85a3784abb5084f2c41b915767c90546fcc92803cffa28611baea \
    --hash=sha256:9a1d9b13e5e394e13e3c316f0d910d100b17681ff59797f30da1dba032061296 \
    --hash=sha256:9bb3e0d1345b9c0fe73673ea656375f38a78ec679c2edeae0c24800f04798a85 \
    --hash=sha256:9ce0f885239357379d92fd9a5fddbe20f0e30e0527c29ba69f8e99eeb1304a76 \
    --hash=sha256:9e0213f3f8a2674a6778be299aea1d6dc6dda015aab86f683bca6d78f81f27bb \
    --hash=sha256:9e726478d7a213847860219d74665a6892a643ac93b8f76580f6cf9ed39996b7 \
    --hash=sha256:a17864853f7c518ae7d4b368af98f427f9396805476af40af8698560f09d7d97 \
    --hash=sha256:a284c36b9c6616bf0a8aa4aabba668a0c75ba65ccf40a79868aeaa69ad996897 \
    --hash=sha256:a3ad0e3da22852533858663848608f3f24c0d35e5cde415a4903476f2b4c88ec \
    --hash=sha256:a5613a3a82c974227bde18f03409e30c467f8065cb56d822e3eb83708a5f223d \
    --hash=sha256:a565303d118ea3b94a4b6c076bf568069726be414e43b06d58f7070b076ce11d \
    --hash=sha256:a60773eb5fda796e6e6f76b9c152d270fe59f9788a51a6ff8ba44082d8548ae4 \
    --hash=sha256:a7cb4cd266bd85613367fb85a30cfbf6fe6349919e87e18ca8dba584951bfb8a \
    --hash=sha256:a864bdcacd8bff58bb4845304e031f821a3ec64b2b7259f2d409cd49c9e59ca3 \
    --hash=sha256:ac5a9cc079c67d75f4ddf343276031879eadbb333d1bb231cce297b8d7b9aae8 \
    --hash=sha256:ac68ebfa549cc623e0e9add2937526340c629ccf667b4da85b7ef5f99e70bbd9 \
    --hash=sha256:aff38231e3171c578b2c449a01afa44e9ff40844597a32873da102394f63d28e \
    --hash=sha256:b476cdb63df22da2b91837593380be3ddbe406f36c506c1c91d80e7196b66288 \
    --hash=sha256:b787efadba00f5da6fe89513bfbe3852d52ca3a448fdec165765cb3b44a80248 \
    --hash=sha256:b7eb3eab5c646d3de7dcb14a7c9caebace5249c5767da39e1761cb1576e521a3 \
    --hash=sha256:b8ea208b304587d47931b36481342d20336e0d338ab052f8b4305926482598d6 \
    --hash=sha256:bf1e75dc07a3850b53d1e5f75e04d3ae12afe56284be7821771eaa2466350c73 \
    --hash=sha256:bf91921009025e96ce57a03ced6d14604fc3baf0530351638e9504a55da6fa3b \
    --hash=sha256:c387c6bf91b4774e359a48a179e2872b8e8bf741e4fde06ba8d1665eb9a4760a \
    --hash=sha256:c38d1e9bc2073b0984d2099ea647fd7f6c0d8f83a1e14e0cd32926f16e4c44ce \
    --hash=sha256:c41b067eddcfa5ee6b1169c287605be7fb6b0ea22bba6474c5bb978a668def4f \
    --hash=sha256:c455829625df983f716cbaecbba77f2d1dc2e0e0ed1638c059cece15a279344b \
    --hash=sha256:c54036a518748b6c02e666f6d46c3817561998fb904c3be25b56fb4fe3dc5706 \
    --hash=sha256:c5c6d47a865147e0ae3322ce92e7fb52ba3169d94b447deda56897ea2aa6fac9 \
    --hash=sha256:c5e981a5ac8641381efe6f0029467500661616a530d27bc6eedfe45f840599f8 \
    --hash=sha256:c75191e3c8052045179646cb40e280800a4e0bdfda34d9c949c2f268d44e80e4 \
    --hash=sha256:c825661dfcf843119ab57cdcac0df7a48e168764c66917bc74f9a42ecb096da9 \
    --hash=sha256:c9bde7a960720c8b8e1b5ef7afaa0c9a2f3b55c44abd635b2b29dd066b298e3a \
    --hash=sha256:c9f45186390aee4d1f26f723c615b67df346766c3b16df000d84d6e374f06757 \
    --hash=sha256:d016dc857136c726958102c3b8a3986acdc65ace6fbf12cfdc09cc4bfa2935b2 \
    --hash=sha256:d08952c0f14eb56d9dad72a2e17773b5f709c55b28635822d18c4adf38680833 \
    --hash=sha256:d22a083497d2f7d06a57172c5b60ee66cedcf304fde5226d4dfdc94f6180f5b1 \
    --hash=sha256:d2478bd3b2ead3962a484fb802891be40d10049fb74f83e09cb4463fad023fea \
    --hash=sha256:d54625cbf4e6b60bf0639728cb8b4cb541e340f6d7cafae5806051a40ddf4c45 \
    --hash=sha256:d6100f877d2ed95f0856a3fde25334153add94bf2224c43f45f88e7039262aaa \
    --hash=sha256:d672f329ae504ee240eb39b6effb3318aa8e7e8924c0ce8eee5760b3fad98539 \
    --hash=sha256:d7229a99120c6c2792d96f4857c2648ce5530e93667a2c2388c5ef69a6b84775 \
    --hash=sha256:d74bcf1cdd8ac8267fb216473ce6b112efa07b163536288094541415084d131c \
    --hash=sha256:d788e2ded0c4c47efa4d73cfe59eaf975ee32f425219873d2cb3e3fbaa00f636 \
    --hash=sha256:d867cefea33acad8e33a3eb408cca7889a9cf999bd5433d962089d5a13b6e75f \
    --hash=sha256:d8a9316f4da85e937242642b537c6d55d7e9287dd38e5634732f8233932aff45 \
    --hash=sha256:d90254c8f609338c53ec180fcd4c4f9c16502e238e3fc88ca7fd4c2f38d445b8 \
    --hash=sha256:d9419f44e568f7fafcdc0b3b5c766a2364e705a9b34fb8a56b431e0d1f3f4258 \
    --hash=sha256:d95244906ed69d0f79f190893c65e336c15959003e21449256dc05c001b52ea2 \
    --hash=sha256:dc28949de1bb5f7f30a46f15d74ce7ac5aaa63e03c5de04d68f571c7423af834 \
    --hash=sha256:dc7f6aca0bdac5e6520c8b6769bda69315fe7cb57f69885f115bc8ca02d1d022 \
    --hash=sha256:deb99535e9bf0bea8e274c6413eb939a21be35a3f492678dba4d5b1f4d70f142 \
    --hash=sha256:e31786a947b136329bfdc458c82c06d4ec539b4a4436b7da4df4aafc9902ee80 \
    --hash=sha256:e3b9eaa99a6d8c9ace4cd303915947ef55088d4cd87c6676874f98c5c03aa040 \
    --hash=sha256:e46a37ea7fcf9ae01d71b2e5ece19f1565987f3e308394b829197cbefc061f92 \
    --hash=sha256:e4e8fa586df2208ef040684751345f10f503834a757c9a74ecd19c1a2f9b1ccd \
    --hash=sha256:e54dd1a66fa4bce0ccaf0db9dde336e49b3eec646dc4c1c0991279369d373a14 \
    --hash=sha256:e5f834965c2fe589837bac1002e07e25734ff70381903ccd95b3d649e22bfa40 \
    --hash=sha256:ec6c464cf45867f66a2273e2214d9199a8fbad5cb95ca0fd45f6a2fe1d9d2cf4 \
    --hash=sha256:f044cb1cf44012184715f46584658993b5fee9344d71c4b0c455a17a299730c0 \
    --hash=sha256:f0fde5e5100c735b2274ab898f0742a5dcde492796296cfbe7e0ad6a4cd1a396 \
    --hash=sha256:f1619a3cc174a7e3963dd34348e6fceb6e50db0ddeb0031bd7c73a58286454fa \
    --hash=sha256:f278e131afa96a3622cef9211c406ea2ad1b68eb06f8837cd443684a40e0ae50 \
    --hash=sha256:f2ce3d39fb4a9d674e6639dd5d3146b2e273475d2260f10163228d66fc04433d \
    --hash=sha256:f7496aed56b06325a1ad419c5bf23c6dd042558e874f71dd1b958f3e255f3053 \
    --hash=sha256:f8cd1283a9fe6c2065c807e9d5da81afe5e1e004caef39adc0d8ae86dd883698 \
    --hash=sha256:f9f91d3e8382900f3a68fa0ce94294479de9cd2de6bc0c70acd0f0dfd511836b \
    --hash=sha256:fd68c825548a611158230e2f9222e210ceb2e3391995c0aa5865cbdf3ab4bd49 \
    --hash=sha256:fded2e82ff082e5d8e017e2ddcc1411bd8cb83b8585097fc401ef574f756b888 \
    --hash=sha256:fec352b793cdc183cc9e7e0b6c10fd7bff38ec54ba44cc43599b9b56f7f3db2e \
    --hash=sha256:ffdd7ac514301d0a67f7c23b9f2b431ef909a3c3dd6c3766668d0a6f5900c94e
    # via requests
darkdetect==0.8.0 \
    --hash=sha256:a7509ccf517eaad92b31c214f593dbcf138ea8a43b2935406bbd565e15527a85 \
    --hash=sha256:b5428e1170263eb5dea44c25dc3895edd75e6f52300986353cd63533fe7df8b1
    # via pyside6-fluent-widgets
idna==3.18 \
    --hash=sha256:7f952cbe720b688055e3f87de14f5c3e5fdaa8bc3928985c4077ca689de849a2 \
    --hash=sha256:ffb385a7e039654cef1ab9ef32c6fafe283c0c0467bba1d9029738ce4a14a848
    # via requests
numpy==2.5.2 \
    --hash=sha256:0090ccdd57ec2703e9b49d0bf554767370581c1dd0a6b2bb2b2d9def317d042a \
    --hash=sha256:078f9b027b478c9379b9677babbf0f8b8f1ecfada27636d7b9a93990c638739f \
    --hash=sha256:07d4e89f3a9ab0a9ba24264ccdb642b3dd951b2281e8883a5481a4aa79cc31a7 \
    --hash=sha256:0a4035ae1129ff8777f08bfbd44f1e5d8e9c049ce0c2dd78fc0d92c13e7251c0 \
    --hash=sha256:0aadf13b60048d501e05fa699efaf7734e2494f3498a4c2a5521d822640324f3 \
    --hash=sha256:14e373cfc6387177e8409dac3c7159be8eb05cd77096cd7c950268b86f62831c \
    --hash=sha256:1ab3d4a901f844ea836c3e80bf463c6a27d7f3c14e8e292fcf28d348b25b9bce \
    --hash=sha256:24b9dc2e3d84aa58523798805194e23e736f3f6ce2d1a5b92583ae734e6dbda8 \
    --hash=sha256:27650bb0e7140fa3d37b9923b4803645e0b125d190f326eecfd3f4dad8e8ade1 \
    --hash=sha256:28ac63476ec7651484215ee7fa15a1f78b57c14621f01e392afe17b9a1390ce4 \
    --hash=sha256:29b86ff8a6cc556b47ec6b64b194815cc80e6bf5eedcc6cddfd65318cb0b4eee \
    --hash=sha256:29d81e97f668489cba8ebfd796b9bdd453525d35dd9e162e2daec94bf3fc7740 \
    --hash=sha256:2cc779226e476d1e1f08c74068c419e60f41a9e0e069c92f6671d31d5c985e98 \
    --hash=sha256:2ffa7bacab3e2ee1b19ed31766bb60bb380b68c23f051e199c5cc598afd68710 \
    --hash=sha256:318b9a4c845dbea06708a29c84ee429cc3065048db34cdb799047643492050ee \
    --hash=sha256:34c319e2963be042673fb46570501b2f06c41924e17e3563d58646b4380dfb68 \
    --hash=sha256:3a2f061cebd9e3d23bdcfaaded5e2293a4c6a5b60fa42df85d410a725ce621bf \
    --hash=sha256:3cdec01fa790a186d430433fdd4d4ffb70eed6f0eeb4bf05c8dbe2dce0a9bcb8 \
    --hash=sha256:3e4c367352d3747784248a227fbec218e193b56f7e6692e3b64fc805478ecfdf \
    --hash=sha256:40f4d451aed46a8046a1aae41c4e55fb3612273df9c502480135e1501576a34b \
    --hash=sha256:44ef9675d908e65f9953063837c3277730f3f4437615a4cdab67b366cabaf884 \
    --hash=sha256:4bbd96c833ecc8cc069ce518078fc8c60cb9cbfb0fea5b7a803ad65035596d03 \
    --hash=sha256:4ec954036759bcee3aa484f8603bd9c14f3e776293b85578b8734c2d72777c69 \
    --hash=sha256:4f9744f9fbdcea0bc552e8f19e1f141f811a3f9bc2be2cc6e86d982cab23e3f4 \
    --hash=sha256:50a68f4bacd8a2b33d8da3d2269d0d78500f86ea582e4786dc10f5ef2c2c6842 \
    --hash=sha256:50e500dc868e9313530ce12ba470fe50ff3afe3d62993ed6eff652dacd555b65 \
    --hash=sha256:52c808f96484f5571a5cc863775ce50247c17dfb3b0361f8ed6b4b0456f80080 \
    --hash=sha256:5f8e00be2ec6f45f4e8a41a527f68d44a7d96fee92a650e4d8b1326f77f61e6e \
    --hash=sha256:60e902ac295855348a5ca2ea4c89108989a9f5fddfad3dfc0a8f36b10358567e \
    --hash=sha256:65f188481f1669e26f62b701e8205d19e460fa4a9b52a1414ba382330e4a3414 \
    --hash=sha256:6950c4b7dd562453090548ba7f5da7e59f57f85663f15d5dcc60e249192f7e59 \
    --hash=sha256:6a9bb119fb8dd21ba30b3f0e555b7e2b081bd9883af21ec9c1c633d161cda3a8 \
    --hash=sha256:6b588cc8f902d6bff201c19fd00c43ab8545671e3554d014e12e14139e5e8617 \
    --hash=sha256:6df895598c0edcb41030126c89e0f353b07d93238116143b7405e937359736c4 \
    --hash=sha256:6e8172ddfcf5cf74b811d372b570b83c60bd2de87a6fbfbebdadb4a9bd9c6cbb \
    --hash=sha256:7354826bc6f8f69402e9b7fe28d15fcd34feebd74f856f111585c5b0c9fb0251 \
    --hash=sha256:7587f53dfbd5edc0f7b87c6217b4c6d2d1f2ef9c3da70bc1315e7db5f8d7ec9d \
    --hash=sha256:77843ca236b777e67f8d6b3660ea116e499612703a0ecd7093f316201eb9d8e2 \
    --hash=sha256:7999d4ddb0c4025018373fd787510d46e04c769467af22869707b3c1cfd459ab \
    --hash=sha256:85aaccb24182c25df891ad0ec333585967e115269d5f1b17f2c9ae005bc96657 \
    --hash=sha256:8e4cb9a754c8a0c62eaa88273a5fba3391f4a610d1dee893c0755da31c083f15 \
    --hash=sha256:8ee9c4eeb8454b3660a8b53493563c3e121c2fc94fbd72b848ef814ed7b676a9 \
    --hash=sha256:9a0731745a72a184490a582fb4af2533512bd071ace67785b5fdffc0ae58dce8 \
    --hash=sha256:9e9413326d726c2545bfa65d2c0876871e8d8386e77f992c1d426e180bbd4323 \
    --hash=sha256:a610dc7e3c52edd39c2bc2375ff9c3fd59cb3ad00e4472d36f83bc1457145788 \
    --hash=sha256:a839318485284a6fb31be4f8f2c91c8f2cb22f4543c4a8903f12b0671ffe07cc \
    --hash=sha256:afb3f0632d6b2e3ba04dbce8d1e48d321b369138b73830b5ca371a0e8d479d56 \
    --hash=sha256:b879fb674276e331513fb136b78dbc6bd3c848309e0d841cfd63be3896c4cfc1 \
    --hash=sha256:b9727f472d2f3888053b8a75ab0cb94745a9de224bb5846dbadc0092101bc71d \
    --hash=sha256:ba0a474801b8dc67b66bf465548abc90e82b44d2611b5770f33008dcabffe8ec \
    --hash=sha256:bd68ece1553d2023c09a4226d9e41c586ad2d20594d1a456186c33513d2cb3f2 \
    --hash=sha256:c081cbe16ba1ab53078e5ff29013621e33c509eedab055775d956427712c236e \
    --hash=sha256:c1f017dc0875c9209d219f97feceb7d54c2661bb243deb4114478e1295808af7 \
    --hash=sha256:cebc2d6dbb605a7703d59751dea4bd6b0ab127a5a4338a6f432df1936fef8b26 \
    --hash=sha256:cf7de32f486e4ac9e2d93b810f9e9ac72a728dd46a32a0bb403222f27f653514 \
    --hash=sha256:d482d171c406ae88c5b19cad3b6a1c4c5209f886ab74bc44c2c865c23f52d860 \
    --hash=sha256:d6a48072864e3324e194a8fbb3c657bcc5b5c869dbc64c9537b1d5c862572c0a \
    --hash=sha256:d787cf769c3baeb5f6235e778edb52c08dfa923789b5958f28e6450f96107cb1 \
    --hash=sha256:dc649493697006bc90614a5f0bbc8cb3cb1866715c474e473694968d7e6b99ab \
    --hash=sha256:ddf47472af2e4280d79bac82304f5e80150211f1b9e614b760061d5fdfbb6eba \
    --hash=sha256:e5651f3f87add730ee6608d915009e19c911fba0cb000c7e3ea994b7d768eb12 \
    --hash=sha256:e79aba74ffaf5f78a050d777c184cddf8fdffabab38acf5f3ef1fecbc17895d6 \
    --hash=sha256:eaa088384c46f519dacb93b7ec483a6d6b19a4a2085ae4f25ab9b1c43d387d1e \
    --hash=sha256:eaca7ff36f0f52e2111ec71f169d8fd3e889e7ddc0d2592e0d703fd8d3ce8fac \
    --hash=sha256:f06571a052127dc1b4e8b83029b4d1b20daa2b64a31cdd181fc6bc774e9000eb \
    --hash=sha256:fd0d703772bba096843785bd38371e31bb4a0c1151497ad5739d182114a73f7f
    # via -r requirements.txt
openvr==2.12.1401 \
    --hash=sha256:245afacb008b66f10bc38eab1f4806cf634a70400c4a0baf349295f617d0f6df \
    --hash=sha256:ef761cef3162843a8025a7812d5e244fd94ab3a992ca8f5ef0d1b0188ad56cb3
    # via -r requirements.txt
packaging==26.3 \
    --hash=sha256:94edc256424af38762eb31306eed28beb9f0efc50a8837492c9d6fd6004aed79 \
    --hash=sha256:d7193f7c8e4e93f444fde0262bf90af30e16fa0ad0ad44cb553c87339b23cd1c
    # via
    #   pyinstaller
    #   pyinstaller-hooks-contrib
pefile==2024.8.26 \
    --hash=sha256:3ff6c5d8b43e8c37bb6e6dd5085658d658a7a0bdcd20b6a07b1fcfc1c4e9d632 \
    --hash=sha256:76f8b485dcd3b1bb8166f1128d395fa3d87af26360c2358fb75b80019b957c6f
    # via pyinstaller
pycparser==3.0 \
    --hash=sha256:600f49d217304a5902ac3c37e1281c9fe94e4d0489de643a9504c5cdfdfc6b29 \
    --hash=sha256:b727414169a36b7d524c1c3e31839a521725078d7b2ff038656844266160a992
    # via cffi
pyinstaller==6.22.0 \
    --hash=sha256:0a20c37761851100f422ec261f513f46d8e57100ea22886b9ff7a6c346104bd8 \
    --hash=sha256:6e5f3656de100954bf5db25536c43e097e46d482843a96d03a0852bf266e4853 \
    --hash=sha256:6f527c1345d5010682587aebc2f0c1cc34a9b1f200424969c7bfda723cddc074 \
    --hash=sha256:7885de3c830356b0990b27fe164f2b008fb4a18560bac884cf33985f61469f44 \
    --hash=sha256:81dc305c16510c1f9ead6d115b66f381e3d3453ecb96653099c51aa3050420d1 \
    --hash=sha256:8b0166fff4583b374bbe7fa044bf03ddc33cab0f792a665807d96048e63f060e \
    --hash=sha256:b07ac9fd1d661ae4d0af6752c3941e4e5576a16cfe7e2d6504a32d57e17d0acc \
    --hash=sha256:b1233da63926be213cdfbfbb314735bc7762136ed772b1082e1b0a2d7ed896b5 \
    --hash=sha256:d7c7c5b149f7f9b37585b37e2376f774038b6a5633ba34db0de2698f75391e13 \
    --hash=sha256:e6859e80b9c7dccb8a1687c5ed4644a722b370c2aa13e8a9ca5ebf5f9bb842ce \
    --hash=sha256:f6c750c8ae999cc5520ddbce4263ac3ece96db04ba359ef20acacd81bccc201b \
    --hash=sha256:f92f78a9c463b884d57f90c7459c0cb263ccd26a499356bbfac7a5f41fd5b93f
    # via -r requirements-build.txt
pyinstaller-hooks-contrib==2026.6 \
    --hash=sha256:bef5002c32f4f50bd55b005da12cff64eca8783e7eaf86a06a62410164bab725 \
    --hash=sha256:fd13b8ac126b35361175edacd41a0d97080b75dd5f4b594ecefefff969509dd3
    # via pyinstaller
pynput==1.8.2 \
    --hash=sha256:8cc38cf13a6ab2749cb375678be8a0fd705d7ce49c8001ff5db4007a723bbef1 \
    --hash=sha256:f493c87157cd3861b4468f7f896857051762f44ed26f1b641e7cc5840a457087
    # via -r requirements.txt
pyside6==6.11.1 \
    --hash=sha256:0968877ab1fb4ef3587a284da6fe05e8647ada56a6a3750b6395188e01f4aba6 \
    --hash=sha256:537682c3b7530817203e667c1f5a2f00486b37bf52c52eeab438544c7a0917f6 \
    --hash=sha256:75f0005c3eb95c07cfb65522ec50d0815ac007a96482c21dc3cb4b4c04895d84 \
    --hash=sha256:acee467cb5f256cc47ebb9d815a054c1d8416da380c191b247a76d164aa3f805 \
    --hash=sha256:b1fc521ba2bb5109425ab8add06bddbdd524abcad06cfa012cc39a22a189feb2
    # via
    #   -r requirements.txt
    #   pyside6-fluent-widgets
pyside6-addons==6.11.1 \
    --hash=sha256:0d13c4dfd671b050a48e4f8d8ddc724b7248f9c0437e7fc47fdf316278572923 \
    --hash=sha256:3494f480dee92f415be2f2d989c0b3f4755ac332b28045cbf4ba0f5c5a22ba37 \
    --hash=sha256:54733c77f789bef5f03c6aff4ad3bec8b2eff021f0cfcbc53d5e6c250ded24f9 \
    --hash=sha256:8e6c65fbd73a512d6f72cda8d8277444a85a34dc99dd1dae9c21d35b8671bb1f \
    --hash=sha256:bf1c6c4e954e5eba3d2a7c661ad4b9689e8f09c7f4a16bdf29713371d11af993
    # via pyside6
pyside6-essentials==6.11.1 \
    --hash=sha256:11253ea52aabecefe9febddbbe78b43a824129e3af1cec98431028fba7fa954f \
    --hash=sha256:228de53c2bc26b07e5021fbe3614fc44ca08e4dab9999af08c2b389d2c239957 \
    --hash=sha256:63311bd48e32c584599ab04b9ef7c324082374cd2c9fa533f978fb893bb47e40 \
    --hash=sha256:a039b6da68a3a4b9d243217b2b98d475eed3f617159ef6be925badab53c11b0d \
    --hash=sha256:e3ef7027b41e4e55fadb56e3b3257dc8ee92154b639fe67fc4c8e05e9d976c60
    # via
    #   pyside6
    #   pyside6-addons
pyside6-fluent-widgets==1.11.3 \
    --hash=sha256:bfb86a12e0d88edf1a1b4327b79e84767771ba0d2a294c4cb1fe170e026ebc16 \
    --hash=sha256:f2bece3ba45ef1a222d12cff89c4ffc9505644ee25c9db9c1d2175f59231973d
    # via -r requirements.txt
pysidesix-frameless-window==0.8.2 \
    --hash=sha256:3cbbf8afd390da9ea43fc97d4a3a42c536aaf08d244a722b114eff0054b7ff0c \
    --hash=sha256:512babc82282f893bc5edb5374275f9585785a0c65a20ed00d73c008dedebc5c
    # via pyside6-fluent-widgets
python-osc==1.10.2 \
    --hash=sha256:018b28e1cc06427c2c3d695f4e8d87d0caecfe604ff889acc45235cfd94183a2 \
    --hash=sha256:732548f4f467dda9f890a6b0b3bfb085ab117f4bd38a45a58d2ca0f3bd6a546d
    # via -r requirements.txt
pywin32==312 \
    --hash=sha256:02ebca0f0242b75292e218065004310d6a477407c09fa449bfe4f6022bc0c0fc \
    --hash=sha256:17948aeadbdb091f0ced6ef0841620794e68327b94ee415571c1203594b7215c \
    --hash=sha256:3020656e34f1cf7faeb7bccd2b84653a607c6ff0c55ada85e6487d61716deabd \
    --hash=sha256:59aba5d5940842075343a5ddc6b11f1cdf0d1567fe745290359dfbcc7c2eb831 \
    --hash=sha256:5c1fbe4a937a73ae9297384a3da38518cbc694c68ad8a809b2e19acd350f03ed \
    --hash=sha256:5dbc35d2b5320dc07f25fa31269cfb767471002b17de5eb067d03da68c7cb2db \
    --hash=sha256:6017c58e12f6809fbb0555b75df144c2922a9ffd18e4b9b5afa863b6c1a9d950 \
    --hash=sha256:772235332b5d1024c696f11cea1ae4be7930f0a8b894bb43db14e3f435f1ff7e \
    --hash=sha256:7a27df850933d16a8eabfbaeb73d52b273e2da667f80d70b01a89d1f6828d02c \
    --hash=sha256:9fce94568364e0155e6dfb781ac5d95903be8baf28670632beab1b523f300daa \
    --hash=sha256:a4dd3a848290ef724347b19f301045831d8e802fa4464f491b98b1e0a081432e \
    --hash=sha256:a77a90fbb6881238d2ca9c6fd797b25817f3768fe78d214a90137ff055a75f5b \
    --hash=sha256:a8597d28f267b39074aef51fa593530082b39cbe5a074226096857b1fed2dfb9 \
    --hash=sha256:b2200a054ca6d6625c4842fc56a4976a4b47f96b73dbe5538c3f813a80359f47 \
    --hash=sha256:b457f6d628a47e8a7346ce22acb7e1a46a4a78b52e1d17e1af56871bd19a93bc \
    --hash=sha256:c2f03a0f73f804a13c2735b99392b0cd426bb4f2c4d0178e5ac966a0f21618d5 \
    --hash=sha256:c53e878d15a1c44788082bfe712a905433473aa38f86375b7cf8b45e3acbaaf9 \
    --hash=sha256:d11417d84412f859b722fad0841b3614459ed0047f7542d8362e77884f6b6e8a \
    --hash=sha256:d620900033cc7531e50727c3c8333091df5dd3ffe6d68cdca38c03f5821408d5 \
    --hash=sha256:dab4f65ac9c4e48400a2a0530c46c3c579cd5905ecd11b80692373915269208b \
    --hash=sha256:dc90147579a905b8635e1b0ec6514967dcb07e6e0d9c42f1477feef14cac23bb
    # via
    #   -r requirements.txt
    #   pysidesix-frameless-window
pywin32-ctypes==0.2.3 \
    --hash=sha256:8a1513379d709975552d202d942d9837758905c8d01eb82b8bcc30918929e7b8 \
    --hash=sha256:d162dc04946d704503b2edc4d55f3dba5c1d539ead017afa00142c38b9885755
    # via pyinstaller
requests==2.34.2 \
    --hash=sha256:2a0d60c172f83ac6ab31e4554906c0f3b3588d37b5cb939b1c061f4907e278e0 \
    --hash=sha256:f288924cae4e29463698d6d60bc6a4da69c89185ad1e0bcc4104f584e960b9ed
    # via -r requirements.txt
setuptools==84.0.0 \
    --hash=sha256:51a52592b3b99e102b609654876bd65f19f999935166d1352678931132b0c670 \
    --hash=sha256:f4695c21257f0d9b537ec2692c941d02ee143b7cc1276941349a546573b2ef73
    # via pyinstaller
sherpa-onnx==1.13.5 \
    --hash=sha256:001e1c3440fe335a589c9283a68105f379ffb63f2d1d7c2878e99a5d72eaf5af \
    --hash=sha256:02c140fbdbfd03b4e1d1a6f041b4328bd5e6d1fc2fd4090aca444fe1394b326f \
    --hash=sha256:05727b7db37b79a545d59b4bffc8e23078b2b8e6cb6c0ce2da0299f10628f936 \
    --hash=sha256:05a3effd8ea5ee78735bc28909c0fce26d9f23bf61db663e6f75f04ec0247ba4 \
    --hash=sha256:0df008c09e744a1fafa15a91427ca8df51fef9ae1f65134cbad4e7c95f0bc1ee \
    --hash=sha256:14bebfe71365a2c678dd94cd08efa8e79df06318b17fe8e97b2e802a7881fd5a \
    --hash=sha256:159462de9e6cf9bccb3c8bc3ac92bd3a6711733b37aa7688182a973fe4c7091c \
    --hash=sha256:15a02d9d74143f336156cb8b4da826bc65c11daa28bd5c9099e9397b3660e7df \
    --hash=sha256:1a4ea5fa45caf31093ff832ab4d198e097edbeeb2244a0d4f958e96bf888110a \
    --hash=sha256:1f1165392600997c45fd5ad4e1f85ba3809937840e071d6ac518a69c1d1db70c \
    --hash=sha256:231bad73b6b804b266de17d81b9c14fc4e8a1e3533c5d5bede5d0cf43c155a45 \
    --hash=sha256:233b116c432e237bfa5a6c10245e7fc15996414a2bafe27dff8ed46ff518cfdf \
    --hash=sha256:245a986d1c582435090e52ae2e60d0ad146e623f987a891b7c230addc15a5df2 \
    --hash=sha256:2a51751f6c925c405ef6ebcb2f7c44794810da79d0f2743fe57ee3daa5bc4df5 \
    --hash=sha256:2bdfefa5d16896c90d1685bde43682818e70b95e134dccc95b91dc0819adde1c \
    --hash=sha256:2bf44d6037ac35ae98cf9e3717744c86850003215f97ef8eb4f1f85844028784 \
    --hash=sha256:350e059c2b15879ec81775b33067b592bb8ed5c7e69fed17aacb613dd4985227 \
    --hash=sha256:371b0eb51caa12f5f3e9c327c440a4aee6f77c163c89666469844eaefb7d5351 \
    --hash=sha256:38de7f31754dfa7212beb4cc773ba05f78d028adb4c0e008920128388657f778 \
    --hash=sha256:3fb5474be91a6604583446a650822d2ffa95d25103e851ffd36893d42f99eb93 \
    --hash=sha256:3fd86ac6480589cc9b474b8a00f33ffd1f25ada7e3b3424c6dc829c0fc2c2009 \
    --hash=sha256:41d8a98dda1dac8155cb3a02d4a120d89fc3b3a88aeb4ac9cf4fd8f17a87733f \
    --hash=sha256:440174433b5d3f855a800d757e66812e998ec9715f5f42690afb27a6ff456586 \
    --hash=sha256:452bb53ca6464a6809b1ea338dd869bc05ba6b7a71b4674545b594045501b853 \
    --hash=sha256:4ad836d473ceb5a548ebe8f3fa7ee9cbb55e46835bcc6eed3faf263cc64f71c3 \
    --hash=sha256:4d6dc243be7aad695d334354fb35848540103fe21c9813d012e290f47307790c \
    --hash=sha256:54ff685b14db65de0b84395af8eebbd52c4da9652f20e9bd404dd9994a6673db \
    --hash=sha256:560abe7d067ff77b7b391cb8de0bc1221bd0c97ab83d587bba6f3a6657b4aff8 \
    --hash=sha256:62a70cadfd189766a7dfd01c8fe24aa0bc5f948be5145cb7e358050bc165a460 \
    --hash=sha256:62fc70617600af6daf355b6ab33d847355c4c316222aba97ae9b5825e77a61f1 \
    --hash=sha256:64cb492cf8a9751f632685c6f169fef7e5a2f449efb9923bc21b6e783a911dba \
    --hash=sha256:64eb5272738fc0c5c3091656fa85f631719d645a7ba2940797fade062f4f3415 \
    --hash=sha256:6a5e9b87aa817fa6f32d9e9a6df46b365419429f577242da398a60666f75711c \
    --hash=sha256:6cf8fae15b8f3a183aba148f3a43315b8495e6674b6040eaf2586c565ad9c6b8 \
    --hash=sha256:71edc8bf212572dedec084d920523bd9f594210bdfb03f610080efdefb88149b \
    --hash=sha256:7582ca42ed2d80bacc984b46904cbdd058ec2b6149a8c8996d7263217a4cc963 \
    --hash=sha256:794aa43f7e6922ac45f298ada1a31af3e3fe875bf0b35b9e875c4cc2a0553110 \
    --hash=sha256:80d9ec3ce2fe8b566285ef92fa2e72b4fa0aee10f73290ac74219fe415806980 \
    --hash=sha256:97471fe025fc1d655a1df2f4ffb5d3fe843c269f2016d5e1cca4b0d168a49169 \
    --hash=sha256:98512cd02fc5b1e4c1a2263dacd4f87630951e79083b85fa8e86cd5fa46e4f9e \
    --hash=sha256:9bf96e80f8285a45b3ceda1fb38dbb34e0c7077f746657ddecb9a63ff245957b \
    --hash=sha256:a224466e750a435089311d4c763617a4d83478a2f958c311b473ea59f9cce3ae \
    --hash=sha256:a23328e7c14690bc9b33b6c80c371adeb5474c7aeffb2dad94233041ffc953be \
    --hash=sha256:a2f1c547deb616568c5be1416013c44c0b96b8e66a4050a9b00f13cecef51d6e \
    --hash=sha256:a5871fcdbdc2467511c8018f5f58f6cdd94f4f5cc328ba7f161beda03b49dc1d \
    --hash=sha256:a703ddafd4b6b2a2169bb47c6f334ae0851fdbdfbe85b884afbb31f695f88e2d \
    --hash=sha256:a7e97d8457a51725ffa3fcb44cb1d57bfdb780bc390a9460a65e05bf3d2851b4 \
    --hash=sha256:ad661d93da2d45f21ca6f5cdbcbdd8a8381774e3876422624aee714c08619f06 \
    --hash=sha256:af6a62fea88e605bd739c80954e060d295b35209c2edc59d113ddeba35e9aed7 \
    --hash=sha256:b9bea147caf6f1cd10a82e36e00d74b9c930e40bf004037322b214897b81ecf2 \
    --hash=sha256:bde7a46bc6bf657b7887e676df005676122d05e34823bbe2d0e89e9c3316048d \
    --hash=sha256:c33a0f14c4517b5b4483f289fb91202c218ef0eb522ea3af8d523311552ea6b4 \
    --hash=sha256:cb7c1f5ca5455b3ec008f3e09438bca6038d22b4fe5d64adb5c09bb6b84eeb82 \
    --hash=sha256:d0ca9f0a271fb8ab2ca3fd5c4f224f4c2d9ae5f8b750262b63d6db343259c255 \
    --hash=sha256:d6e617c4ac54714636641f1cc65f063bdc938e3d0d81a2971c98ba887504cb34 \
    --hash=sha256:d772c4e1b7744fa7749860f819afb8e8b36d47a0cb0202cd43b68724480e1e71 \
    --hash=sha256:dabb0b01c39dc2abad612ae6b1394472d4c1fffd775a98ad1d8494d849f73b26 \
    --hash=sha256:dfedcebfe90d5079b98231e0d8ab008460c52cd44199698b464569c90dfd2124 \
    --hash=sha256:eb4d580d959e16c42dbd404cef0f5764ed1c024edf48d3edc43b5e2f1c96f069 \
    --hash=sha256:ed76c584c99920e6c26673fad6fe4a4a87f3459254ea5d0d996c4f32537780a0 \
    --hash=sha256:f5a6cc5ac96043670faa0f5c0e56310315a4600cf7b764fee014e7dd75fda00f \
    --hash=sha256:f616d8a1512cb09d94fe604a23424d4b213d2e10d732987e106116f36ce08bc6
    # via -r requirements.txt
sherpa-onnx-core==1.13.5 \
    --hash=sha256:12697ff5745e225157b3257fe638e8b6305b1860366b6387e7a586ee6de2b18b \
    --hash=sha256:485b20188ddf905ffbd7504ed456a05d0ff84d10c592a16c0adb7d69bb845f82 \
    --hash=sha256:4cd751063a378a49f0c72eba5ba959fe375397f5baf93a53f3db64097d00e2aa \
    --hash=sha256:6b2f19b7559ad278aa17af0b9f3917a90a37fef4501c04afb14e722f4848c9b7 \
    --hash=sha256:6bb5c460cd432293a290c861fbd519e30ac290ca84b5acd1c4447c22aef03351 \
    --hash=sha256:7e24d3ddbcb1e6447467b214ff1235dced21fa4107de5c55125fb3c95ff10501 \
    --hash=sha256:899e88916efd96ee1eabc512e9ceaf2fdb711b20b2512cf40358b623e90b5ded \
    --hash=sha256:a5380f4f8ec609e1c68f2052e34a55862098fa0efa0bba0af33adbdc0231fc4c \
    --hash=sha256:fb48f5b7b4596bb745e5dcbb04616d841712224cba652717a71a4551d8ee5b63
    # via sherpa-onnx
shiboken6==6.11.1 \
    --hash=sha256:1a16867f103ef1c662a5f09dfed03273a9f81688b174555162c58e83650a3f02 \
    --hash=sha256:1bd2f4314414df2d122d9f646e03b731bc6d6b5f77a5f53f99a4fe4e97d84e6f \
    --hash=sha256:7c8d9af17db4495d4fa5b1c393f218311c4855546b9dfa6a0bd21bcd66b55e9d \
    --hash=sha256:9a8bccfafc8805254cabcfa1edfaf55cd52889f4998c91ad0d9a4433fb1bcdbe \
    --hash=sha256:c2c6863aa80ec18c0f82cea3417837b279cdc60024ac17123461dc9042577df7
    # via
    #   pyside6
    #   pyside6-addons
    #   pyside6-essentials
six==1.17.0 \
    --hash=sha256:4721f391ed90541fddacab5acf947aa0d3dc7d27b2e1e8eda2be8970586c3274 \
    --hash=sha256:ff70335d468e7eb6ec65b95b99d3a2836546063f63acc5171de367e834932a81
    # via
    #   -r requirements.txt
    #   pynput
sounddevice==0.5.5 \
    --hash=sha256:05eb9fd6c54c38d67741441c19164c0dae8ce80453af2d8c4ad2e7823d15b722 \
    --hash=sha256:1234cc9b4c9df97b6cbe748146ae0ec64dd7d6e44739e8e42eaa5b595313a103 \
    --hash=sha256:22487b65198cb5bf2208755105b524f78ad173e5ab6b445bdab1c989f6698df3 \
    --hash=sha256:30ff99f6c107f49d25ad16a45cacd8d91c25a1bcdd3e81a206b921a3a6405b1f \
    --hash=sha256:3861901ddd8230d2e0e8ae62ac320cdd4c688d81df89da036dcb812f757bb3e6 \
    --hash=sha256:cfc6b2c49fb7f555591c78cb8ecf48d6a637fd5b6e1db5fec6ed9365d64b3519
    # via -r requirements.txt
urllib3==2.7.0 \
    --hash=sha256:231e0ec3b63ceb14667c67be60f2f2c40a518cb38b03af60abc813da26505f4c \
    --hash=sha256:9fb4c81ebbb1ce9531cce37674bbc6f1360472bc18ca9a553ede278ef7276897
    # via requests
